
Microsoft Visual Studio Solution File, Format Version 12.00
# Visual Studio Version 17
VisualStudioVersion = 17.5.2.0
MinimumVisualStudioVersion = 10.0.40219.1
Project("{FAE04EC0-301F-11D3-BF4B-00C04F79EFBC}") = "DunkPro2D", "DunkPro2D.csproj", "{C964C20D-108B-DB41-E106-EEE84098BFE1}"
EndProject
Project("{FAE04EC0-301F-11D3-BF4B-00C04F79EFBC}") = "DunkPro2D.Tests", "DunkPro2D.Tests\DunkPro2D.Tests.csproj", "{C37CB440-7ECF-421E-9B9D-53381E1EF882}"
EndProject
Global
	GlobalSection(SolutionConfigurationPlatforms) = preSolution
		Debug|Any CPU = Debug|Any CPU
		Debug|x64 = Debug|x64
		Debug|x86 = Debug|x86
		Release|Any CPU = Release|Any CPU
		Release|x64 = Release|x64
		Release|x86 = Release|x86
	EndGlobalSection
	GlobalSection(ProjectConfigurationPlatforms) = postSolution
		{C964C20D-108B-DB41-E106-EEE84098BFE1}.Debug|Any CPU.ActiveCfg = Debug|Any CPU
		{C964C20D-108B-DB41-E106-EEE84098BFE1}.Debug|Any CPU.Build.0 = Debug|Any CPU
		{C964C20D-108B-DB41-E106-EEE84098BFE1}.Debug|x64.ActiveCfg = Debug|Any CPU
		{C964C20D-108B-DB41-E106-EEE84098BFE1}.Debug|x64.Build.0 = Debug|Any CPU
		{C964C20D-108B-DB41-E106-EEE84098BFE1}.Debug|x86.ActiveCfg = Debug|Any CPU
		{C964C20D-108B-DB41-E106-EEE84098BFE1}.Debug|x86.Build.0 = Debug|Any CPU
		{C964C20D-108B-DB41-E106-EEE84098BFE1}.Release|Any CPU.ActiveCfg = Release|Any CPU
		{C964C20D-108B-DB41-E106-EEE84098BFE1}.Release|Any CPU.Build.0 = Release|Any CPU
		{C964C20D-108B-DB41-E106-EEE84098BFE1}.Release|x64.ActiveCfg = Release|Any CPU
		{C964C20D-108B-DB41-E106-EEE84098BFE1}.Release|x64.Build.0 = Release|Any CPU
		{C964C20D-108B-DB41-E106-EEE84098BFE1}.Release|x86.ActiveCfg = Release|Any CPU
		{C964C20D-108B-DB41-E106-EEE84098BFE1}.Release|x86.Build.0 = Release|Any CPU
		{C37CB440-7ECF-421E-9B9D-53381E1EF882}.Debug|Any CPU.ActiveCfg = Debug|Any CPU
		{C37CB440-7ECF-421E-9B9D-53381E1EF882}.Debug|Any CPU.Build.0 = Debug|Any CPU
		{C37CB440-7ECF-421E-9B9D-53381E1EF882}.Debug|x64.ActiveCfg = Debug|Any CPU
		{C37CB440-7ECF-421E-9B9D-53381E1EF882}.Debug|x64.Build.0 = Debug|Any CPU
		{C37CB440-7ECF-421E-9B9D-53381E1EF882}.Debug|x86.ActiveCfg = Debug|Any CPU
		{C37CB440-7ECF-421E-9B9D-53381E1EF882}.Debug|x86.Build.0 = Debug|Any CPU
		{C37CB440-7ECF-421E-9B9D-53381E1EF882}.Release|Any CPU.ActiveCfg = Release|Any CPU
		{C37CB440-7ECF-421E-9B9D-53381E1EF882}.Release|Any CPU.Build.0 = Release|Any CPU
		{C37CB440-7ECF-421E-9B9D-53381E1EF882}.Release|x64.ActiveCfg = Release|Any CPU
		{C37CB440-7ECF-421E-9B9D-53381E1EF882}.Release|x64.Build.0 = Release|Any CPU
		{C37CB440-7ECF-421E-9B9D-53381E1EF882}.Release|x86.ActiveCfg = Release|Any CPU
		{C37CB440-7ECF-421E-9B9D-53381E1EF882}.Release|x86.Build.0 = Release|Any CPU
	EndGlobalSection
	GlobalSection(SolutionProperties) = preSolution
		HideSolutionNode = FALSE
	EndGlobalSection
	GlobalSection(ExtensibilityGlobals) = postSolution
		SolutionGuid = {4F9AE1C1-87FC-4F06-9B43-8DD1DC7E0142}
	EndGlobalSection
EndGlobal
